
Microsoft Visual Studio Solution File, Format Version 11.00
# Visual Studio 2010
Project("{FAE04EC0-301F-11D3-BF4B-00C04F79EFBC}") = "SelectStackedFeatures", "SelectStackedFeatures.csproj", "{ADCFDACD-A069-462E-A5B0-DD87EE792097}"
EndProject
Global
	GlobalSection(SolutionConfigurationPlatforms) = preSolution
		Debug|Any CPU = Debug|Any CPU
		Release|Any CPU = Release|Any CPU
	EndGlobalSection
	GlobalSection(ProjectConfigurationPlatforms) = postSolution
		{ADCFDACD-A069-462E-A5B0-DD87EE792097}.Debug|Any CPU.ActiveCfg = Debug|Any CPU
		{ADCFDACD-A069-462E-A5B0-DD87EE792097}.Debug|Any CPU.Build.0 = Debug|Any CPU
		{ADCFDACD-A069-462E-A5B0-DD87EE792097}.Release|Any CPU.ActiveCfg = Release|Any CPU
		{ADCFDACD-A069-462E-A5B0-DD87EE792097}.Release|Any CPU.Build.0 = Release|Any CPU
	EndGlobalSection
	GlobalSection(SolutionProperties) = preSolution
		HideSolutionNode = FALSE
	EndGlobalSection
EndGlobal
