
Microsoft Visual Studio Solution File, Format Version 10.00
# Visual Studio 2008
Project("{FAE04EC0-301F-11D3-BF4B-00C04F79EFBC}") = "Umbriel.ArcMap.NetworkAnalysis", "Umbriel.ArcMap.NetworkAnalysis\Umbriel.ArcMap.NetworkAnalysis.csproj", "{F86DDE44-5B66-45F1-BFBD-A0336442544A}"
EndProject
Global
	GlobalSection(SolutionConfigurationPlatforms) = preSolution
		Debug|Any CPU = Debug|Any CPU
		Release|Any CPU = Release|Any CPU
	EndGlobalSection
	GlobalSection(ProjectConfigurationPlatforms) = postSolution
		{F86DDE44-5B66-45F1-BFBD-A0336442544A}.Debug|Any CPU.ActiveCfg = Debug|Any CPU
		{F86DDE44-5B66-45F1-BFBD-A0336442544A}.Debug|Any CPU.Build.0 = Debug|Any CPU
		{F86DDE44-5B66-45F1-BFBD-A0336442544A}.Release|Any CPU.ActiveCfg = Release|Any CPU
		{F86DDE44-5B66-45F1-BFBD-A0336442544A}.Release|Any CPU.Build.0 = Release|Any CPU
	EndGlobalSection
	GlobalSection(SolutionProperties) = preSolution
		HideSolutionNode = FALSE
	EndGlobalSection
EndGlobal
